
Microsoft Visual Studio Solution File, Format Version 12.00
# Visual Studio 15
VisualStudioVersion = 15.0.33026.149
MinimumVisualStudioVersion = 10.0.40219.1
Project("{FAE04EC0-301F-11D3-BF4B-00C04F79EFBC}") = "15.Switch Statements", "15.Switch Statements\15.Switch Statements.csproj", "{891E26B6-A89D-4F02-B86B-17F4E528A0BC}"
EndProject
Global
	GlobalSection(SolutionConfigurationPlatforms) = preSolution
		Debug|Any CPU = Debug|Any CPU
		Release|Any CPU = Release|Any CPU
	EndGlobalSection
	GlobalSection(ProjectConfigurationPlatforms) = postSolution
		{891E26B6-A89D-4F02-B86B-17F4E528A0BC}.Debug|Any CPU.ActiveCfg = Debug|Any CPU
		{891E26B6-A89D-4F02-B86B-17F4E528A0BC}.Debug|Any CPU.Build.0 = Debug|Any CPU
		{891E26B6-A89D-4F02-B86B-17F4E528A0BC}.Release|Any CPU.ActiveCfg = Release|Any CPU
		{891E26B6-A89D-4F02-B86B-17F4E528A0BC}.Release|Any CPU.Build.0 = Release|Any CPU
	EndGlobalSection
	GlobalSection(SolutionProperties) = preSolution
		HideSolutionNode = FALSE
	EndGlobalSection
	GlobalSection(ExtensibilityGlobals) = postSolution
		SolutionGuid = {E7484BCD-336F-4336-82ED-6BD0BDECA00E}
	EndGlobalSection
EndGlobal
